{
  "name": "ccbc",
  "lockfileVersion": 2,
  "requires": true,
  "packages": {
    "": {
      "dependencies": {
        "@fontsource/dm-sans": "^4.5.0"
      }
    },
    "node_modules/@fontsource/dm-sans": {
      "version": "4.5.2",
      "resolved": "https://registry.npmjs.org/@fontsource/dm-sans/-/dm-sans-4.5.2.tgz",
      "integrity": "sha512-JJM89uUqJBq7m6evr7gP9dN6TPgQJaRZItzXvSZveU29cwcDewzCGalR/LSQdRKgIswPd9tssAEc5uwgzQx84Q=="
    }
  },
  "dependencies": {
    "@fontsource/dm-sans": {
      "version": "4.5.2",
      "resolved": "https://registry.npmjs.org/@fontsource/dm-sans/-/dm-sans-4.5.2.tgz",
      "integrity": "sha512-JJM89uUqJBq7m6evr7gP9dN6TPgQJaRZItzXvSZveU29cwcDewzCGalR/LSQdRKgIswPd9tssAEc5uwgzQx84Q=="
    }
  }
}
