# THIS IS AN AUTOGENERATED FILE. DO NOT EDIT THIS FILE DIRECTLY.
# yarn lockfile v1


"@chakra-ui/utils@^2.0.14":
  "integrity" "sha512-vYxtAUPY09Ex2Ae2ZvQKA1d2+lMKq/wUaRiqpwmeLfutEQuPQZc3qzQcAIMRQx3wLgXr9BUFDtHgBoOz0XKtZw=="
  "resolved" "https://registry.npmjs.org/@chakra-ui/utils/-/utils-2.0.14.tgz"
  "version" "2.0.14"
  dependencies:
    "@types/lodash.mergewith" "4.6.6"
    "css-box-model" "1.2.1"
    "framesync" "6.1.2"
    "lodash.mergewith" "4.6.2"

"@fontsource/dm-sans@^4.5.0":
  "integrity" "sha512-JJM89uUqJBq7m6evr7gP9dN6TPgQJaRZItzXvSZveU29cwcDewzCGalR/LSQdRKgIswPd9tssAEc5uwgzQx84Q=="
  "resolved" "https://registry.npmjs.org/@fontsource/dm-sans/-/dm-sans-4.5.2.tgz"
  "version" "4.5.2"

"@types/lodash.mergewith@4.6.6":
  "integrity" "sha512-RY/8IaVENjG19rxTZu9Nukqh0W2UrYgmBj5sdns4hWRZaV8PqR7wIKHFKzvOTjo4zVRV7sVI+yFhAJql12Kfqg=="
  "resolved" "https://registry.npmjs.org/@types/lodash.mergewith/-/lodash.mergewith-4.6.6.tgz"
  "version" "4.6.6"
  dependencies:
    "@types/lodash" "*"

"@types/lodash@*":
  "integrity" "sha512-BdZ5BCCvho3EIXw6wUCXHe7rS53AIDPLE+JzwgT+OsJk53oBfbSmZZ7CX4VaRoN78N+TJpFi9QPlfIVNmJYWxQ=="
  "resolved" "https://registry.npmjs.org/@types/lodash/-/lodash-4.14.191.tgz"
  "version" "4.14.191"

"css-box-model@1.2.1":
  "integrity" "sha512-a7Vr4Q/kd/aw96bnJG332W9V9LkJO69JRcaCYDUqjp6/z0w6VcZjgAcTbgFxEPfBgdnAwlh3iwu+hLopa+flJw=="
  "resolved" "https://registry.npmjs.org/css-box-model/-/css-box-model-1.2.1.tgz"
  "version" "1.2.1"
  dependencies:
    "tiny-invariant" "^1.0.6"

"framesync@6.1.2":
  "integrity" "sha512-jBTqhX6KaQVDyus8muwZbBeGGP0XgujBRbQ7gM7BRdS3CadCZIHiawyzYLnafYcvZIh5j8WE7cxZKFn7dXhu9g=="
  "resolved" "https://registry.npmjs.org/framesync/-/framesync-6.1.2.tgz"
  "version" "6.1.2"
  dependencies:
    "tslib" "2.4.0"

"lodash.mergewith@4.6.2":
  "integrity" "sha512-GK3g5RPZWTRSeLSpgP8Xhra+pnjBC56q9FZYe1d5RN3TJ35dbkGy3YqBSMbyCrlbi+CM9Z3Jk5yTL7RCsqboyQ=="
  "resolved" "https://registry.npmjs.org/lodash.mergewith/-/lodash.mergewith-4.6.2.tgz"
  "version" "4.6.2"

"tiny-invariant@^1.0.6":
  "integrity" "sha512-AD5ih2NlSssTCwsMznbvwMZpJ1cbhkGd2uueNxzv2jDlEeZdU04JQfRnggJQ8DrcVBGjAsCKwFBbDlVNtEMlzw=="
  "resolved" "https://registry.npmjs.org/tiny-invariant/-/tiny-invariant-1.3.1.tgz"
  "version" "1.3.1"

"tslib@2.4.0":
  "integrity" "sha512-d6xOpEDfsi2CZVlPQzGeux8XMwLT9hssAsaPYExaQMuYskwb+x1x7J371tWlbBdWHroy99KnVB6qIkUbs5X3UQ=="
  "resolved" "https://registry.npmjs.org/tslib/-/tslib-2.4.0.tgz"
  "version" "2.4.0"
