# THIS IS AN AUTOGENERATED FILE. DO NOT EDIT THIS FILE DIRECTLY.
# yarn lockfile v1


"@fontsource/dm-sans@^4.5.0":
  version "4.5.2"
  resolved "https://registry.yarnpkg.com/@fontsource/dm-sans/-/dm-sans-4.5.2.tgz#566a993d59d70a012e0c4a56079b9c6f0899b56b"
  integrity sha512-JJM89uUqJBq7m6evr7gP9dN6TPgQJaRZItzXvSZveU29cwcDewzCGalR/LSQdRKgIswPd9tssAEc5uwgzQx84Q==
